
Microsoft Visual Studio Solution File, Format Version 12.00
# Visual Studio Version 17
VisualStudioVersion = 17.5.002.0
MinimumVisualStudioVersion = 10.0.40219.1
Project("{2150E333-8FDC-42A3-9474-1A3956D46DE8}") = "src", "src", "{2E2EBC23-A4A1-472A-AA0E-2EE669559F02}"
EndProject
Project("{9A19103F-16F7-4668-BE54-9A1E7A4F7556}") = "Play.Inventory.Service", "src\Play.Inventory.Service\Play.Inventory.Service.csproj", "{61290AB3-26A3-4572-9091-7EAF5529703A}"
EndProject
Global
	GlobalSection(SolutionConfigurationPlatforms) = preSolution
		Debug|Any CPU = Debug|Any CPU
		Release|Any CPU = Release|Any CPU
	EndGlobalSection
	GlobalSection(ProjectConfigurationPlatforms) = postSolution
		{61290AB3-26A3-4572-9091-7EAF5529703A}.Debug|Any CPU.ActiveCfg = Debug|Any CPU
		{61290AB3-26A3-4572-9091-7EAF5529703A}.Debug|Any CPU.Build.0 = Debug|Any CPU
		{61290AB3-26A3-4572-9091-7EAF5529703A}.Release|Any CPU.ActiveCfg = Release|Any CPU
		{61290AB3-26A3-4572-9091-7EAF5529703A}.Release|Any CPU.Build.0 = Release|Any CPU
	EndGlobalSection
	GlobalSection(SolutionProperties) = preSolution
		HideSolutionNode = FALSE
	EndGlobalSection
	GlobalSection(NestedProjects) = preSolution
		{61290AB3-26A3-4572-9091-7EAF5529703A} = {2E2EBC23-A4A1-472A-AA0E-2EE669559F02}
	EndGlobalSection
	GlobalSection(ExtensibilityGlobals) = postSolution
		SolutionGuid = {81522D11-BE71-4AB9-B11E-5F39B3FACF91}
	EndGlobalSection
EndGlobal
